<?xml version="1.0" encoding="utf-8"?>
<Project ToolsVersion="4.0" xmlns="http://schemas.microsoft.com/developer/msbuild/2003">
  <ItemGroup>
    <Filter Include="资源文件">
      <UniqueIdentifier>{67DA6AB6-F800-4c08-8B7A-83BB121AAD01}</UniqueIdentifier>
      <Extensions>rc;ico;cur;bmp;dlg;rc2;rct;bin;rgs;gif;jpg;jpeg;jpe;resx;tiff;tif;png;wav;mfcribbon-ms</Extensions>
    </Filter>
    <Filter Include="algorithm">
      <UniqueIdentifier>{a48269aa-87f1-43c6-aa53-9baedcf81648}</UniqueIdentifier>
    </Filter>
    <Filter Include="algorithm\sort">
      <UniqueIdentifier>{891179aa-6ae6-49bf-80a8-feb8ae538f9f}</UniqueIdentifier>
    </Filter>
    <Filter Include="algorithm\tree">
      <UniqueIdentifier>{d6952ebc-1839-4d49-adb0-e92b55aec24e}</UniqueIdentifier>
    </Filter>
    <Filter Include="algorithm\search">
      <UniqueIdentifier>{23a4cec9-2a41-404e-8de4-c2d238a14b51}</UniqueIdentifier>
    </Filter>
    <Filter Include="DesignPatterns">
      <UniqueIdentifier>{1cda2dea-240e-4363-aa41-5c0bd9d1ee1b}</UniqueIdentifier>
    </Filter>
    <Filter Include="NewCoder">
      <UniqueIdentifier>{6c3cec16-10d9-4c0b-95bc-c98c45673bce}</UniqueIdentifier>
    </Filter>
  </ItemGroup>
  <ItemGroup>
    <ClCompile Include="main.cpp" />
    <ClCompile Include="algorithm\sort\Sort.cpp">
      <Filter>algorithm\sort</Filter>
    </ClCompile>
    <ClCompile Include="algorithm\sort\SortHelper.cpp">
      <Filter>algorithm\sort</Filter>
    </ClCompile>
    <ClCompile Include="algorithm\find\search.cpp">
      <Filter>algorithm\search</Filter>
    </ClCompile>
    <ClCompile Include="DesignPatterns\AbstractFactory.cpp">
      <Filter>DesignPatterns</Filter>
    </ClCompile>
    <ClCompile Include="DesignPatterns\Factory.cpp">
      <Filter>DesignPatterns</Filter>
    </ClCompile>
    <ClCompile Include="DesignPatterns\Singleton.cpp">
      <Filter>DesignPatterns</Filter>
    </ClCompile>
    <ClCompile Include="DesignPatterns\Build.cpp">
      <Filter>DesignPatterns</Filter>
    </ClCompile>
    <ClCompile Include="DesignPatterns\Prototype.cpp">
      <Filter>DesignPatterns</Filter>
    </ClCompile>
    <ClCompile Include="DesignPatterns\Bridge.cpp">
      <Filter>DesignPatterns</Filter>
    </ClCompile>
    <ClCompile Include="DesignPatterns\Proxy.cpp">
      <Filter>DesignPatterns</Filter>
    </ClCompile>
    <ClCompile Include="DesignPatterns\Observer.cpp">
      <Filter>DesignPatterns</Filter>
    </ClCompile>
    <ClCompile Include="NewCoder\NewCoder.cpp">
      <Filter>NewCoder</Filter>
    </ClCompile>
  </ItemGroup>
  <ItemGroup>
    <ClInclude Include="algorithm\sort\Sort.h">
      <Filter>algorithm\sort</Filter>
    </ClInclude>
    <ClInclude Include="algorithm\sort\SortHelper.h">
      <Filter>algorithm\sort</Filter>
    </ClInclude>
    <ClInclude Include="algorithm\find\search.h">
      <Filter>algorithm\search</Filter>
    </ClInclude>
    <ClInclude Include="DesignPatterns\AbstractFactory.h">
      <Filter>DesignPatterns</Filter>
    </ClInclude>
    <ClInclude Include="DesignPatterns\Factory.h">
      <Filter>DesignPatterns</Filter>
    </ClInclude>
    <ClInclude Include="DesignPatterns\Singleton.h">
      <Filter>DesignPatterns</Filter>
    </ClInclude>
    <ClInclude Include="DesignPatterns\Build.h">
      <Filter>DesignPatterns</Filter>
    </ClInclude>
    <ClInclude Include="DesignPatterns\Prototype.h">
      <Filter>DesignPatterns</Filter>
    </ClInclude>
    <ClInclude Include="DesignPatterns\Bridge.h">
      <Filter>DesignPatterns</Filter>
    </ClInclude>
    <ClInclude Include="DesignPatterns\Proxy.h">
      <Filter>DesignPatterns</Filter>
    </ClInclude>
    <ClInclude Include="DesignPatterns\Observer.h">
      <Filter>DesignPatterns</Filter>
    </ClInclude>
    <ClInclude Include="NewCoder\NewCoder.h">
      <Filter>NewCoder</Filter>
    </ClInclude>
  </ItemGroup>
</Project>